// !$*UTF8*$!
{
	archiveVersion = 1;
	classes = {
	};
	objectVersion = 55;
	objects = {

/* Begin PBXBuildFile section */
		E1F655E02B14825B00160124 /* EZMediApp.swift in Sources */ = {isa = PBXBuildFile; fileRef = E1F655DF2B14825B00160124 /* EZMediApp.swift */; };
		E1F655E22B14825B00160124 /* ContentView.swift in Sources */ = {isa = PBXBuildFile; fileRef = E1F655E12B14825B00160124 /* ContentView.swift */; };
		E1F655E42B14825E00160124 /* Assets.xcassets in Resources */ = {isa = PBXBuildFile; fileRef = E1F655E32B14825E00160124 /* Assets.xcassets */; };
		E1F655E72B14825E00160124 /* Preview Assets.xcassets in Resources */ = {isa = PBXBuildFile; fileRef = E1F655E62B14825E00160124 /* Preview Assets.xcassets */; };
		E1F655F12B14825E00160124 /* EZMediTests.swift in Sources */ = {isa = PBXBuildFile; fileRef = E1F655F02B14825E00160124 /* EZMediTests.swift */; };
		E1F655FB2B14825E00160124 /* EZMediUITests.swift in Sources */ = {isa = PBXBuildFile; fileRef = E1F655FA2B14825E00160124 /* EZMediUITests.swift */; };
		E1F655FD2B14825E00160124 /* EZMediUITestsLaunchTests.swift in Sources */ = {isa = PBXBuildFile; fileRef = E1F655FC2B14825E00160124 /* EZMediUITestsLaunchTests.swift */; };
/* End PBXBuildFile section */

/* Begin PBXContainerItemProxy section */
		E1F655ED2B14825E00160124 /* PBXContainerItemProxy */ = {
			isa = PBXContainerItemProxy;
			containerPortal = E1F655D42B14825B00160124 /* Project object */;
			proxyType = 1;
			remoteGlobalIDString = E1F655DB2B14825B00160124;
			remoteInfo = EZMedi;
		};
		E1F655F72B14825E00160124 /* PBXContainerItemProxy */ = {
			isa = PBXContainerItemProxy;
			containerPortal = E1F655D42B14825B00160124 /* Project object */;
			proxyType = 1;
			remoteGlobalIDString = E1F655DB2B14825B00160124;
			remoteInfo = EZMedi;
		};
/* End PBXContainerItemProxy section */

/* Begin PBXFileReference section */
		E1F655DC2B14825B00160124 /* EZMedi.app */ = {isa = PBXFileReference; explicitFileType = wrapper.application; includeInIndex = 0; path = EZMedi.app; sourceTree = BUILT_PRODUCTS_DIR; };
		E1F655DF2B14825B00160124 /* EZMediApp.swift */ = {isa = PBXFileReference; lastKnownFileType = sourcecode.swift; path = EZMediApp.swift; sourceTree = "<group>"; };
		E1F655E12B14825B00160124 /* ContentView.swift */ = {isa = PBXFileReference; lastKnownFileType = sourcecode.swift; path = ContentView.swift; sourceTree = "<group>"; };
		E1F655E32B14825E00160124 /* Assets.xcassets */ = {isa = PBXFileReference; lastKnownFileType = folder.assetcatalog; path = Assets.xcassets; sourceTree = "<group>"; };
		E1F655E62B14825E00160124 /* Preview Assets.xcassets */ = {isa = PBXFileReference; lastKnownFileType = folder.assetcatalog; path = "Preview Assets.xcassets"; sourceTree = "<group>"; };
		E1F655EC2B14825E00160124 /* EZMediTests.xctest */ = {isa = PBXFileReference; explicitFileType = wrapper.cfbundle; includeInIndex = 0; path = EZMediTests.xctest; sourceTree = BUILT_PRODUCTS_DIR; };
		E1F655F02B14825E00160124 /* EZMediTests.swift */ = {isa = PBXFileReference; lastKnownFileType = sourcecode.swift; path = EZMediTests.swift; sourceTree = "<group>"; };
		E1F655F62B14825E00160124 /* EZMediUITests.xctest */ = {isa = PBXFileReference; explicitFileType = wrapper.cfbundle; includeInIndex = 0; path = EZMediUITests.xctest; sourceTree = BUILT_PRODUCTS_DIR; };
		E1F655FA2B14825E00160124 /* EZMediUITests.swift */ = {isa = PBXFileReference; lastKnownFileType = sourcecode.swift; path = EZMediUITests.swift; sourceTree = "<group>"; };
		E1F655FC2B14825E00160124 /* EZMediUITestsLaunchTests.swift */ = {isa = PBXFileReference; lastKnownFileType = sourcecode.swift; path = EZMediUITestsLaunchTests.swift; sourceTree = "<group>"; };
/* End PBXFileReference section */

/* Begin PBXFrameworksBuildPhase section */
		E1F655D92B14825B00160124 /* Frameworks */ = {
			isa = PBXFrameworksBuildPhase;
			buildActionMask = 2147483647;
			files = (
			);
			runOnlyForDeploymentPostprocessing = 0;
		};
		E1F655E92B14825E00160124 /* Frameworks */ = {
			isa = PBXFrameworksBuildPhase;
			buildActionMask = 2147483647;
			files = (
			);
			runOnlyForDeploymentPostprocessing = 0;
		};
		E1F655F32B14825E00160124 /* Frameworks */ = {
			isa = PBXFrameworksBuildPhase;
			buildActionMask = 2147483647;
			files = (
			);
			runOnlyForDeploymentPostprocessing = 0;
		};
/* End PBXFrameworksBuildPhase section */

/* Begin PBXGroup section */
		E1F655D32B14825B00160124 = {
			isa = PBXGroup;
			children = (
				E1F655DE2B14825B00160124 /* EZMedi */,
				E1F655EF2B14825E00160124 /* EZMediTests */,
				E1F655F92B14825E00160124 /* EZMediUITests */,
				E1F655DD2B14825B00160124 /* Products */,
			);
			sourceTree = "<group>";
		};
		E1F655DD2B14825B00160124 /* Products */ = {
			isa = PBXGroup;
			children = (
				E1F655DC2B14825B00160124 /* EZMedi.app */,
				E1F655EC2B14825E00160124 /* EZMediTests.xctest */,
				E1F655F62B14825E00160124 /* EZMediUITests.xctest */,
			);
			name = Products;
			sourceTree = "<group>";
		};
		E1F655DE2B14825B00160124 /* EZMedi */ = {
			isa = PBXGroup;
			children = (
				E1F655DF2B14825B00160124 /* EZMediApp.swift */,
				E1F655E12B14825B00160124 /* ContentView.swift */,
				E1F655E32B14825E00160124 /* Assets.xcassets */,
				E1F655E52B14825E00160124 /* Preview Content */,
			);
			path = EZMedi;
			sourceTree = "<group>";
		};
		E1F655E52B14825E00160124 /* Preview Content */ = {
			isa = PBXGroup;
			children = (
				E1F655E62B14825E00160124 /* Preview Assets.xcassets */,
			);
			path = "Preview Content";
			sourceTree = "<group>";
		};
		E1F655EF2B14825E00160124 /* EZMediTests */ = {
			isa = PBXGroup;
			children = (
				E1F655F02B14825E00160124 /* EZMediTests.swift */,
			);
			path = EZMediTests;
			sourceTree = "<group>";
		};
		E1F655F92B14825E00160124 /* EZMediUITests */ = {
			isa = PBXGroup;
			children = (
				E1F655FA2B14825E00160124 /* EZMediUITests.swift */,
				E1F655FC2B14825E00160124 /* EZMediUITestsLaunchTests.swift */,
			);
			path = EZMediUITests;
			sourceTree = "<group>";
		};
/* End PBXGroup section */

/* Begin PBXNativeTarget section */
		E1F655DB2B14825B00160124 /* EZMedi */ = {
			isa = PBXNativeTarget;
			buildConfigurationList = E1F656002B14825E00160124 /* Build configuration list for PBXNativeTarget "EZMedi" */;
			buildPhases = (
				E1F655D82B14825B00160124 /* Sources */,
				E1F655D92B14825B00160124 /* Frameworks */,
				E1F655DA2B14825B00160124 /* Resources */,
			);
			buildRules = (
			);
			dependencies = (
			);
			name = EZMedi;
			productName = EZMedi;
			productReference = E1F655DC2B14825B00160124 /* EZMedi.app */;
			productType = "com.apple.product-type.application";
		};
		E1F655EB2B14825E00160124 /* EZMediTests */ = {
			isa = PBXNativeTarget;
			buildConfigurationList = E1F656032B14825E00160124 /* Build configuration list for PBXNativeTarget "EZMediTests" */;
			buildPhases = (
				E1F655E82B14825E00160124 /* Sources */,
				E1F655E92B14825E00160124 /* Frameworks */,
				E1F655EA2B14825E00160124 /* Resources */,
			);
			buildRules = (
			);
			dependencies = (
				E1F655EE2B14825E00160124 /* PBXTargetDependency */,
			);
			name = EZMediTests;
			productName = EZMediTests;
			productReference = E1F655EC2B14825E00160124 /* EZMediTests.xctest */;
			productType = "com.apple.product-type.bundle.unit-test";
		};
		E1F655F52B14825E00160124 /* EZMediUITests */ = {
			isa = PBXNativeTarget;
			buildConfigurationList = E1F656062B14825E00160124 /* Build configuration list for PBXNativeTarget "EZMediUITests" */;
			buildPhases = (
				E1F655F22B14825E00160124 /* Sources */,
				E1F655F32B14825E00160124 /* Frameworks */,
				E1F655F42B14825E00160124 /* Resources */,
			);
			buildRules = (
			);
			dependencies = (
				E1F655F82B14825E00160124 /* PBXTargetDependency */,
			);
			name = EZMediUITests;
			productName = EZMediUITests;
			productReference = E1F655F62B14825E00160124 /* EZMediUITests.xctest */;
			productType = "com.apple.product-type.bundle.ui-testing";
		};
/* End PBXNativeTarget section */

/* Begin PBXProject section */
		E1F655D42B14825B00160124 /* Project object */ = {
			isa = PBXProject;
			attributes = {
				BuildIndependentTargetsInParallel = 1;
				LastSwiftUpdateCheck = 1340;
				LastUpgradeCheck = 1340;
				TargetAttributes = {
					E1F655DB2B14825B00160124 = {
						CreatedOnToolsVersion = 13.4.1;
					};
					E1F655EB2B14825E00160124 = {
						CreatedOnToolsVersion = 13.4.1;
						TestTargetID = E1F655DB2B14825B00160124;
					};
					E1F655F52B14825E00160124 = {
						CreatedOnToolsVersion = 13.4.1;
						TestTargetID = E1F655DB2B14825B00160124;
					};
				};
			};
			buildConfigurationList = E1F655D72B14825B00160124 /* Build configuration list for PBXProject "EZMedi" */;
			compatibilityVersion = "Xcode 13.0";
			developmentRegion = en;
			hasScannedForEncodings = 0;
			knownRegions = (
				en,
				Base,
			);
			mainGroup = E1F655D32B14825B00160124;
			productRefGroup = E1F655DD2B14825B00160124 /* Products */;
			projectDirPath = "";
			projectRoot = "";
			targets = (
				E1F655DB2B14825B00160124 /* EZMedi */,
				E1F655EB2B14825E00160124 /* EZMediTests */,
				E1F655F52B14825E00160124 /* EZMediUITests */,
			);
		};
/* End PBXProject section */

/* Begin PBXResourcesBuildPhase section */
		E1F655DA2B14825B00160124 /* Resources */ = {
			isa = PBXResourcesBuildPhase;
			buildActionMask = 2147483647;
			files = (
				E1F655E72B14825E00160124 /* Preview Assets.xcassets in Resources */,
				E1F655E42B14825E00160124 /* Assets.xcassets in Resources */,
			);
			runOnlyForDeploymentPostprocessing = 0;
		};
		E1F655EA2B14825E00160124 /* Resources */ = {
			isa = PBXResourcesBuildPhase;
			buildActionMask = 2147483647;
			files = (
			);
			runOnlyForDeploymentPostprocessing = 0;
		};
		E1F655F42B14825E00160124 /* Resources */ = {
			isa = PBXResourcesBuildPhase;
			buildActionMask = 2147483647;
			files = (
			);
			runOnlyForDeploymentPostprocessing = 0;
		};
/* End PBXResourcesBuildPhase section */

/* Begin PBXSourcesBuildPhase section */
		E1F655D82B14825B00160124 /* Sources */ = {
			isa = PBXSourcesBuildPhase;
			buildActionMask = 2147483647;
			files = (
				E1F655E22B14825B00160124 /* ContentView.swift in Sources */,
				E1F655E02B14825B00160124 /* EZMediApp.swift in Sources */,
			);
			runOnlyForDeploymentPostprocessing = 0;
		};
		E1F655E82B14825E00160124 /* Sources */ = {
			isa = PBXSourcesBuildPhase;
			buildActionMask = 2147483647;
			files = (
				E1F655F12B14825E00160124 /* EZMediTests.swift in Sources */,
			);
			runOnlyForDeploymentPostprocessing = 0;
		};
		E1F655F22B14825E00160124 /* Sources */ = {
			isa = PBXSourcesBuildPhase;
			buildActionMask = 2147483647;
			files = (
				E1F655FD2B14825E00160124 /* EZMediUITestsLaunchTests.swift in Sources */,
				E1F655FB2B14825E00160124 /* EZMediUITests.swift in Sources */,
			);
			runOnlyForDeploymentPostprocessing = 0;
		};
/* End PBXSourcesBuildPhase section */

/* Begin PBXTargetDependency section */
		E1F655EE2B14825E00160124 /* PBXTargetDependency */ = {
			isa = PBXTargetDependency;
			target = E1F655DB2B14825B00160124 /* EZMedi */;
			targetProxy = E1F655ED2B14825E00160124 /* PBXContainerItemProxy */;
		};
		E1F655F82B14825E00160124 /* PBXTargetDependency */ = {
			isa = PBXTargetDependency;
			target = E1F655DB2B14825B00160124 /* EZMedi */;
			targetProxy = E1F655F72B14825E00160124 /* PBXContainerItemProxy */;
		};
/* End PBXTargetDependency section */

/* Begin XCBuildConfiguration section */
		E1F655FE2B14825E00160124 /* Debug */ = {
			isa = XCBuildConfiguration;
			buildSettings = {
				ALWAYS_SEARCH_USER_PATHS = NO;
				CLANG_ANALYZER_NONNULL = YES;
				CLANG_ANALYZER_NUMBER_OBJECT_CONVERSION = YES_AGGRESSIVE;
				CLANG_CXX_LANGUAGE_STANDARD = "gnu++17";
				CLANG_ENABLE_MODULES = YES;
				CLANG_ENABLE_OBJC_ARC = YES;
				CLANG_ENABLE_OBJC_WEAK = YES;
				CLANG_WARN_BLOCK_CAPTURE_AUTORELEASING = YES;
				CLANG_WARN_BOOL_CONVERSION = YES;
				CLANG_WARN_COMMA = YES;
				CLANG_WARN_CONSTANT_CONVERSION = YES;
				CLANG_WARN_DEPRECATED_OBJC_IMPLEMENTATIONS = YES;
				CLANG_WARN_DIRECT_OBJC_ISA_USAGE = YES_ERROR;
				CLANG_WARN_DOCUMENTATION_COMMENTS = YES;
				CLANG_WARN_EMPTY_BODY = YES;
				CLANG_WARN_ENUM_CONVERSION = YES;
				CLANG_WARN_INFINITE_RECURSION = YES;
				CLANG_WARN_INT_CONVERSION = YES;
				CLANG_WARN_NON_LITERAL_NULL_CONVERSION = YES;
				CLANG_WARN_OBJC_IMPLICIT_RETAIN_SELF = YES;
				CLANG_WARN_OBJC_LITERAL_CONVERSION = YES;
				CLANG_WARN_OBJC_ROOT_CLASS = YES_ERROR;
				CLANG_WARN_QUOTED_INCLUDE_IN_FRAMEWORK_HEADER = YES;
				CLANG_WARN_RANGE_LOOP_ANALYSIS = YES;
				CLANG_WARN_STRICT_PROTOTYPES = YES;
				CLANG_WARN_SUSPICIOUS_MOVE = YES;
				CLANG_WARN_UNGUARDED_AVAILABILITY = YES_AGGRESSIVE;
				CLANG_WARN_UNREACHABLE_CODE = YES;
				CLANG_WARN__DUPLICATE_METHOD_MATCH = YES;
				COPY_PHASE_STRIP = NO;
				DEBUG_INFORMATION_FORMAT = dwarf;
				ENABLE_STRICT_OBJC_MSGSEND = YES;
				ENABLE_TESTABILITY = YES;
				GCC_C_LANGUAGE_STANDARD = gnu11;
				GCC_DYNAMIC_NO_PIC = NO;
				GCC_NO_COMMON_BLOCKS = YES;
				GCC_OPTIMIZATION_LEVEL = 0;
				GCC_PREPROCESSOR_DEFINITIONS = (
					"DEBUG=1",
					"$(inherited)",
				);
				GCC_WARN_64_TO_32_BIT_CONVERSION = YES;
				GCC_WARN_ABOUT_RETURN_TYPE = YES_ERROR;
				GCC_WARN_UNDECLARED_SELECTOR = YES;
				GCC_WARN_UNINITIALIZED_AUTOS = YES_AGGRESSIVE;
				GCC_WARN_UNUSED_FUNCTION = YES;
				GCC_WARN_UNUSED_VARIABLE = YES;
				IPHONEOS_DEPLOYMENT_TARGET = 15.5;
				MTL_ENABLE_DEBUG_INFO = INCLUDE_SOURCE;
				MTL_FAST_MATH = YES;
				ONLY_ACTIVE_ARCH = YES;
				SDKROOT = iphoneos;
				SWIFT_ACTIVE_COMPILATION_CONDITIONS = DEBUG;
				SWIFT_OPTIMIZATION_LEVEL = "-Onone";
			};
			name = Debug;
		};
		E1F655FF2B14825E00160124 /* Release */ = {
			isa = XCBuildConfiguration;
			buildSettings = {
				ALWAYS_SEARCH_USER_PATHS = NO;
				CLANG_ANALYZER_NONNULL = YES;
				CLANG_ANALYZER_NUMBER_OBJECT_CONVERSION = YES_AGGRESSIVE;
				CLANG_CXX_LANGUAGE_STANDARD = "gnu++17";
				CLANG_ENABLE_MODULES = YES;
				CLANG_ENABLE_OBJC_ARC = YES;
				CLANG_ENABLE_OBJC_WEAK = YES;
				CLANG_WARN_BLOCK_CAPTURE_AUTORELEASING = YES;
				CLANG_WARN_BOOL_CONVERSION = YES;
				CLANG_WARN_COMMA = YES;
				CLANG_WARN_CONSTANT_CONVERSION = YES;
				CLANG_WARN_DEPRECATED_OBJC_IMPLEMENTATIONS = YES;
				CLANG_WARN_DIRECT_OBJC_ISA_USAGE = YES_ERROR;
				CLANG_WARN_DOCUMENTATION_COMMENTS = YES;
				CLANG_WARN_EMPTY_BODY = YES;
				CLANG_WARN_ENUM_CONVERSION = YES;
				CLANG_WARN_INFINITE_RECURSION = YES;
				CLANG_WARN_INT_CONVERSION = YES;
				CLANG_WARN_NON_LITERAL_NULL_CONVERSION = YES;
				CLANG_WARN_OBJC_IMPLICIT_RETAIN_SELF = YES;
				CLANG_WARN_OBJC_LITERAL_CONVERSION = YES;
				CLANG_WARN_OBJC_ROOT_CLASS = YES_ERROR;
				CLANG_WARN_QUOTED_INCLUDE_IN_FRAMEWORK_HEADER = YES;
				CLANG_WARN_RANGE_LOOP_ANALYSIS = YES;
				CLANG_WARN_STRICT_PROTOTYPES = YES;
				CLANG_WARN_SUSPICIOUS_MOVE = YES;
				CLANG_WARN_UNGUARDED_AVAILABILITY = YES_AGGRESSIVE;
				CLANG_WARN_UNREACHABLE_CODE = YES;
				CLANG_WARN__DUPLICATE_METHOD_MATCH = YES;
				COPY_PHASE_STRIP = NO;
				DEBUG_INFORMATION_FORMAT = "dwarf-with-dsym";
				ENABLE_NS_ASSERTIONS = NO;
				ENABLE_STRICT_OBJC_MSGSEND = YES;
				GCC_C_LANGUAGE_STANDARD = gnu11;
				GCC_NO_COMMON_BLOCKS = YES;
				GCC_WARN_64_TO_32_BIT_CONVERSION = YES;
				GCC_WARN_ABOUT_RETURN_TYPE = YES_ERROR;
				GCC_WARN_UNDECLARED_SELECTOR = YES;
				GCC_WARN_UNINITIALIZED_AUTOS = YES_AGGRESSIVE;
				GCC_WARN_UNUSED_FUNCTION = YES;
				GCC_WARN_UNUSED_VARIABLE = YES;
				IPHONEOS_DEPLOYMENT_TARGET = 15.5;
				MTL_ENABLE_DEBUG_INFO = NO;
				MTL_FAST_MATH = YES;
				SDKROOT = iphoneos;
				SWIFT_COMPILATION_MODE = wholemodule;
				SWIFT_OPTIMIZATION_LEVEL = "-O";
				VALIDATE_PRODUCT = YES;
			};
			name = Release;
		};
		E1F656012B14825E00160124 /* Debug */ = {
			isa = XCBuildConfiguration;
			buildSettings = {
				ASSETCATALOG_COMPILER_APPICON_NAME = AppIcon;
				ASSETCATALOG_COMPILER_GLOBAL_ACCENT_COLOR_NAME = AccentColor;
				CODE_SIGN_STYLE = Automatic;
				CURRENT_PROJECT_VERSION = 1;
				DEVELOPMENT_ASSET_PATHS = "\"EZMedi/Preview Content\"";
				ENABLE_PREVIEWS = YES;
				GENERATE_INFOPLIST_FILE = YES;
				INFOPLIST_KEY_UIApplicationSceneManifest_Generation = YES;
				INFOPLIST_KEY_UIApplicationSupportsIndirectInputEvents = YES;
				INFOPLIST_KEY_UILaunchScreen_Generation = YES;
				INFOPLIST_KEY_UISupportedInterfaceOrientations_iPad = "UIInterfaceOrientationPortrait UIInterfaceOrientationPortraitUpsideDown UIInterfaceOrientationLandscapeLeft UIInterfaceOrientationLandscapeRight";
				INFOPLIST_KEY_UISupportedInterfaceOrientations_iPhone = "UIInterfaceOrientationPortrait UIInterfaceOrientationLandscapeLeft UIInterfaceOrientationLandscapeRight";
				IPHONEOS_DEPLOYMENT_TARGET = 14.0;
				LD_RUNPATH_SEARCH_PATHS = (
					"$(inherited)",
					"@executable_path/Frameworks",
				);
				MARKETING_VERSION = 1.0;
				PRODUCT_BUNDLE_IDENTIFIER = nyuadswe.EZMedi;
				PRODUCT_NAME = "$(TARGET_NAME)";
				SWIFT_EMIT_LOC_STRINGS = YES;
				SWIFT_VERSION = 5.0;
				TARGETED_DEVICE_FAMILY = "1,2";
			};
			name = Debug;
		};
		E1F656022B14825E00160124 /* Release */ = {
			isa = XCBuildConfiguration;
			buildSettings = {
				ASSETCATALOG_COMPILER_APPICON_NAME = AppIcon;
				ASSETCATALOG_COMPILER_GLOBAL_ACCENT_COLOR_NAME = AccentColor;
				CODE_SIGN_STYLE = Automatic;
				CURRENT_PROJECT_VERSION = 1;
				DEVELOPMENT_ASSET_PATHS = "\"EZMedi/Preview Content\"";
				ENABLE_PREVIEWS = YES;
				GENERATE_INFOPLIST_FILE = YES;
				INFOPLIST_KEY_UIApplicationSceneManifest_Generation = YES;
				INFOPLIST_KEY_UIApplicationSupportsIndirectInputEvents = YES;
				INFOPLIST_KEY_UILaunchScreen_Generation = YES;
				INFOPLIST_KEY_UISupportedInterfaceOrientations_iPad = "UIInterfaceOrientationPortrait UIInterfaceOrientationPortraitUpsideDown UIInterfaceOrientationLandscapeLeft UIInterfaceOrientationLandscapeRight";
				INFOPLIST_KEY_UISupportedInterfaceOrientations_iPhone = "UIInterfaceOrientationPortrait UIInterfaceOrientationLandscapeLeft UIInterfaceOrientationLandscapeRight";
				IPHONEOS_DEPLOYMENT_TARGET = 14.0;
				LD_RUNPATH_SEARCH_PATHS = (
					"$(inherited)",
					"@executable_path/Frameworks",
				);
				MARKETING_VERSION = 1.0;
				PRODUCT_BUNDLE_IDENTIFIER = nyuadswe.EZMedi;
				PRODUCT_NAME = "$(TARGET_NAME)";
				SWIFT_EMIT_LOC_STRINGS = YES;
				SWIFT_VERSION = 5.0;
				TARGETED_DEVICE_FAMILY = "1,2";
			};
			name = Release;
		};
		E1F656042B14825E00160124 /* Debug */ = {
			isa = XCBuildConfiguration;
			buildSettings = {
				ALWAYS_EMBED_SWIFT_STANDARD_LIBRARIES = YES;
				BUNDLE_LOADER = "$(TEST_HOST)";
				CODE_SIGN_STYLE = Automatic;
				CURRENT_PROJECT_VERSION = 1;
				GENERATE_INFOPLIST_FILE = YES;
				IPHONEOS_DEPLOYMENT_TARGET = 15.5;
				MARKETING_VERSION = 1.0;
				PRODUCT_BUNDLE_IDENTIFIER = nyuadswe.EZMediTests;
				PRODUCT_NAME = "$(TARGET_NAME)";
				SWIFT_EMIT_LOC_STRINGS = NO;
				SWIFT_VERSION = 5.0;
				TARGETED_DEVICE_FAMILY = "1,2";
				TEST_HOST = "$(BUILT_PRODUCTS_DIR)/EZMedi.app/EZMedi";
			};
			name = Debug;
		};
		E1F656052B14825E00160124 /* Release */ = {
			isa = XCBuildConfiguration;
			buildSettings = {
				ALWAYS_EMBED_SWIFT_STANDARD_LIBRARIES = YES;
				BUNDLE_LOADER = "$(TEST_HOST)";
				CODE_SIGN_STYLE = Automatic;
				CURRENT_PROJECT_VERSION = 1;
				GENERATE_INFOPLIST_FILE = YES;
				IPHONEOS_DEPLOYMENT_TARGET = 15.5;
				MARKETING_VERSION = 1.0;
				PRODUCT_BUNDLE_IDENTIFIER = nyuadswe.EZMediTests;
				PRODUCT_NAME = "$(TARGET_NAME)";
				SWIFT_EMIT_LOC_STRINGS = NO;
				SWIFT_VERSION = 5.0;
				TARGETED_DEVICE_FAMILY = "1,2";
				TEST_HOST = "$(BUILT_PRODUCTS_DIR)/EZMedi.app/EZMedi";
			};
			name = Release;
		};
		E1F656072B14825E00160124 /* Debug */ = {
			isa = XCBuildConfiguration;
			buildSettings = {
				ALWAYS_EMBED_SWIFT_STANDARD_LIBRARIES = YES;
				CODE_SIGN_STYLE = Automatic;
				CURRENT_PROJECT_VERSION = 1;
				GENERATE_INFOPLIST_FILE = YES;
				MARKETING_VERSION = 1.0;
				PRODUCT_BUNDLE_IDENTIFIER = nyuadswe.EZMediUITests;
				PRODUCT_NAME = "$(TARGET_NAME)";
				SWIFT_EMIT_LOC_STRINGS = NO;
				SWIFT_VERSION = 5.0;
				TARGETED_DEVICE_FAMILY = "1,2";
				TEST_TARGET_NAME = EZMedi;
			};
			name = Debug;
		};
		E1F656082B14825E00160124 /* Release */ = {
			isa = XCBuildConfiguration;
			buildSettings = {
				ALWAYS_EMBED_SWIFT_STANDARD_LIBRARIES = YES;
				CODE_SIGN_STYLE = Automatic;
				CURRENT_PROJECT_VERSION = 1;
				GENERATE_INFOPLIST_FILE = YES;
				MARKETING_VERSION = 1.0;
				PRODUCT_BUNDLE_IDENTIFIER = nyuadswe.EZMediUITests;
				PRODUCT_NAME = "$(TARGET_NAME)";
				SWIFT_EMIT_LOC_STRINGS = NO;
				SWIFT_VERSION = 5.0;
				TARGETED_DEVICE_FAMILY = "1,2";
				TEST_TARGET_NAME = EZMedi;
			};
			name = Release;
		};
/* End XCBuildConfiguration section */

/* Begin XCConfigurationList section */
		E1F655D72B14825B00160124 /* Build configuration list for PBXProject "EZMedi" */ = {
			isa = XCConfigurationList;
			buildConfigurations = (
				E1F655FE2B14825E00160124 /* Debug */,
				E1F655FF2B14825E00160124 /* Release */,
			);
			defaultConfigurationIsVisible = 0;
			defaultConfigurationName = Release;
		};
		E1F656002B14825E00160124 /* Build configuration list for PBXNativeTarget "EZMedi" */ = {
			isa = XCConfigurationList;
			buildConfigurations = (
				E1F656012B14825E00160124 /* Debug */,
				E1F656022B14825E00160124 /* Release */,
			);
			defaultConfigurationIsVisible = 0;
			defaultConfigurationName = Release;
		};
		E1F656032B14825E00160124 /* Build configuration list for PBXNativeTarget "EZMediTests" */ = {
			isa = XCConfigurationList;
			buildConfigurations = (
				E1F656042B14825E00160124 /* Debug */,
				E1F656052B14825E00160124 /* Release */,
			);
			defaultConfigurationIsVisible = 0;
			defaultConfigurationName = Release;
		};
		E1F656062B14825E00160124 /* Build configuration list for PBXNativeTarget "EZMediUITests" */ = {
			isa = XCConfigurationList;
			buildConfigurations = (
				E1F656072B14825E00160124 /* Debug */,
				E1F656082B14825E00160124 /* Release */,
			);
			defaultConfigurationIsVisible = 0;
			defaultConfigurationName = Release;
		};
/* End XCConfigurationList section */
	};
	rootObject = E1F655D42B14825B00160124 /* Project object */;
}
